# This file is autogenerated, do not edit; changes may be undone by the next 'dep ensure'.


[[projects]]
  name = "github.com/go-redis/redis"
  packages = [
    ".",
    "internal",
    "internal/consistenthash",
    "internal/hashtag",
    "internal/pool",
    "internal/proto",
    "internal/singleflight",
    "internal/util"
  ]
  revision = "480db94d33e6088e08d628833b6c0705451d24bb"
  version = "v6.13.2"

[[projects]]
  name = "github.com/sirupsen/logrus"
  packages = ["."]
  revision = "3e01752db0189b9157070a0e1668a620f9a85da2"
  version = "v1.0.6"

[[projects]]
  branch = "master"
  name = "github.com/vasiliy-t/gotrain"
  packages = ["redis/serverenv"]
  revision = "7feb7ac144f3307a6d0a98de1029f4f8bb3a0b3d"

[[projects]]
  branch = "master"
  name = "golang.org/x/crypto"
  packages = ["ssh/terminal"]
  revision = "c126467f60eb25f8f27e5a981f32a87e3965053f"

[[projects]]
  branch = "master"
  name = "golang.org/x/sys"
  packages = [
    "unix",
    "windows"
  ]
  revision = "bd9dbc187b6e1dacfdd2722a87e83093c2d7bd6e"

[solve-meta]
  analyzer-name = "dep"
  analyzer-version = 1
  inputs-digest = "f2d6c38d6fce0459dc26247e2babca0957f87362d51972cb3b441fd0deb93cf4"
  solver-name = "gps-cdcl"
  solver-version = 1
